
Microsoft Visual Studio Solution File, Format Version 12.00
# Visual Studio Version 16
VisualStudioVersion = 16.0.29306.81
MinimumVisualStudioVersion = 10.0.40219.1
Project("{FAE04EC0-301F-11D3-BF4B-00C04F79EFBC}") = "JSONtoObjectsParser", "JSONtoObjectsParser\JSONtoObjectsParser.csproj", "{E50D6220-A7CF-4331-9165-ABA1678BE05C}"
EndProject
Global
	GlobalSection(SolutionConfigurationPlatforms) = preSolution
		Debug|Any CPU = Debug|Any CPU
		Release|Any CPU = Release|Any CPU
	EndGlobalSection
	GlobalSection(ProjectConfigurationPlatforms) = postSolution
		{E50D6220-A7CF-4331-9165-ABA1678BE05C}.Debug|Any CPU.ActiveCfg = Debug|Any CPU
		{E50D6220-A7CF-4331-9165-ABA1678BE05C}.Debug|Any CPU.Build.0 = Debug|Any CPU
		{E50D6220-A7CF-4331-9165-ABA1678BE05C}.Release|Any CPU.ActiveCfg = Release|Any CPU
		{E50D6220-A7CF-4331-9165-ABA1678BE05C}.Release|Any CPU.Build.0 = Release|Any CPU
	EndGlobalSection
	GlobalSection(SolutionProperties) = preSolution
		HideSolutionNode = FALSE
	EndGlobalSection
	GlobalSection(ExtensibilityGlobals) = postSolution
		SolutionGuid = {00DC2463-2DD6-4D65-9F33-1CC7C41B592B}
	EndGlobalSection
EndGlobal
